
Microsoft Visual Studio Solution File, Format Version 12.00
# Visual Studio Version 16
VisualStudioVersion = 16.0.31019.35
MinimumVisualStudioVersion = 10.0.40219.1
Project("{FAE04EC0-301F-11D3-BF4B-00C04F79EFBC}") = "WsNotificacionesISRM", "WsNotificacionesISRM\WsNotificacionesISRM.csproj", "{B285FE5C-90C7-4072-ADDD-F66CFBBAC3D1}"
EndProject
Project("{FAE04EC0-301F-11D3-BF4B-00C04F79EFBC}") = "TestWSSiena", "TestWSSiena\TestWSSiena.csproj", "{C845A49A-8FE5-46FD-95EA-F71DEC2F57BC}"
EndProject
Global
	GlobalSection(SolutionConfigurationPlatforms) = preSolution
		Debug|Any CPU = Debug|Any CPU
		Release|Any CPU = Release|Any CPU
	EndGlobalSection
	GlobalSection(ProjectConfigurationPlatforms) = postSolution
		{B285FE5C-90C7-4072-ADDD-F66CFBBAC3D1}.Debug|Any CPU.ActiveCfg = Debug|Any CPU
		{B285FE5C-90C7-4072-ADDD-F66CFBBAC3D1}.Debug|Any CPU.Build.0 = Debug|Any CPU
		{B285FE5C-90C7-4072-ADDD-F66CFBBAC3D1}.Release|Any CPU.ActiveCfg = Release|Any CPU
		{B285FE5C-90C7-4072-ADDD-F66CFBBAC3D1}.Release|Any CPU.Build.0 = Release|Any CPU
		{C845A49A-8FE5-46FD-95EA-F71DEC2F57BC}.Debug|Any CPU.ActiveCfg = Debug|Any CPU
		{C845A49A-8FE5-46FD-95EA-F71DEC2F57BC}.Debug|Any CPU.Build.0 = Debug|Any CPU
		{C845A49A-8FE5-46FD-95EA-F71DEC2F57BC}.Release|Any CPU.ActiveCfg = Release|Any CPU
		{C845A49A-8FE5-46FD-95EA-F71DEC2F57BC}.Release|Any CPU.Build.0 = Release|Any CPU
	EndGlobalSection
	GlobalSection(SolutionProperties) = preSolution
		HideSolutionNode = FALSE
	EndGlobalSection
	GlobalSection(ExtensibilityGlobals) = postSolution
		SolutionGuid = {45BF09F9-F924-4362-BA87-A2B4E5CD0983}
	EndGlobalSection
EndGlobal
